// !$*UTF8*$!
{
	archiveVersion = 1;
	classes = {
	};
	objectVersion = 56;
	objects = {

/* Begin PBXBuildFile section */
		860D03D12A80FE22002B0054 /* MailCore2 in Frameworks */ = {isa = PBXBuildFile; productRef = 860D03D02A80FE22002B0054 /* MailCore2 */; };
		860D03D32A8230EF002B0054 /* ContentView.swift in Sources */ = {isa = PBXBuildFile; fileRef = 860D03D22A8230EF002B0054 /* ContentView.swift */; };
		867603DC2A84E8060084E6B2 /* WelcomeView.swift in Sources */ = {isa = PBXBuildFile; fileRef = 867603DB2A84E8060084E6B2 /* WelcomeView.swift */; };
		867603DE2A8621570084E6B2 /* HomeView.swift in Sources */ = {isa = PBXBuildFile; fileRef = 867603DD2A8621570084E6B2 /* HomeView.swift */; };
		867603E72A862C680084E6B2 /* Oswald.ttf in Resources */ = {isa = PBXBuildFile; fileRef = 867603E62A862C670084E6B2 /* Oswald.ttf */; };
		867603E92A87E6190084E6B2 /* TransactionsView.swift in Sources */ = {isa = PBXBuildFile; fileRef = 867603E82A87E6190084E6B2 /* TransactionsView.swift */; };
		867603EB2A8A16F20084E6B2 /* DemoData.swift in Sources */ = {isa = PBXBuildFile; fileRef = 867603EA2A8A16F20084E6B2 /* DemoData.swift */; };
		8698DEA42A7D8B82000B499A /* SwissBudgetApp.swift in Sources */ = {isa = PBXBuildFile; fileRef = 8698DEA32A7D8B82000B499A /* SwissBudgetApp.swift */; };
		8698DEA62A7D8B82000B499A /* Persistence.swift in Sources */ = {isa = PBXBuildFile; fileRef = 8698DEA52A7D8B82000B499A /* Persistence.swift */; };
		8698DEA92A7D8B82000B499A /* SwissBudget.xcdatamodeld in Sources */ = {isa = PBXBuildFile; fileRef = 8698DEA72A7D8B82000B499A /* SwissBudget.xcdatamodeld */; };
		8698DEAB2A7D8B82000B499A /* ContentViewOld.swift in Sources */ = {isa = PBXBuildFile; fileRef = 8698DEAA2A7D8B82000B499A /* ContentViewOld.swift */; };
		8698DEAD2A7D8B83000B499A /* Assets.xcassets in Resources */ = {isa = PBXBuildFile; fileRef = 8698DEAC2A7D8B83000B499A /* Assets.xcassets */; };
		8698DEB12A7D8B83000B499A /* Preview Assets.xcassets in Resources */ = {isa = PBXBuildFile; fileRef = 8698DEB02A7D8B83000B499A /* Preview Assets.xcassets */; };
		8698DEBB2A7D8B83000B499A /* SwissBudgetTests.swift in Sources */ = {isa = PBXBuildFile; fileRef = 8698DEBA2A7D8B83000B499A /* SwissBudgetTests.swift */; };
		8698DEC52A7D8B83000B499A /* SwissBudgetUITests.swift in Sources */ = {isa = PBXBuildFile; fileRef = 8698DEC42A7D8B83000B499A /* SwissBudgetUITests.swift */; };
		8698DEC72A7D8B83000B499A /* SwissBudgetUITestsLaunchTests.swift in Sources */ = {isa = PBXBuildFile; fileRef = 8698DEC62A7D8B83000B499A /* SwissBudgetUITestsLaunchTests.swift */; };
		869DFB4B2A8CCB0F0076F5DD /* TransactionView.swift in Sources */ = {isa = PBXBuildFile; fileRef = 869DFB4A2A8CCB0F0076F5DD /* TransactionView.swift */; };
		86A246672A80DD0E000E8700 /* MailTransactionImporter.swift in Sources */ = {isa = PBXBuildFile; fileRef = 86A246662A80DD0E000E8700 /* MailTransactionImporter.swift */; };
		86B4AF592A8D0124000AB165 /* TransactionEditView.swift in Sources */ = {isa = PBXBuildFile; fileRef = 86B4AF582A8D0124000AB165 /* TransactionEditView.swift */; };
/* End PBXBuildFile section */

/* Begin PBXContainerItemProxy section */
		8698DEB72A7D8B83000B499A /* PBXContainerItemProxy */ = {
			isa = PBXContainerItemProxy;
			containerPortal = 8698DE982A7D8B82000B499A /* Project object */;
			proxyType = 1;
			remoteGlobalIDString = 8698DE9F2A7D8B82000B499A;
			remoteInfo = SwissBudget;
		};
		8698DEC12A7D8B83000B499A /* PBXContainerItemProxy */ = {
			isa = PBXContainerItemProxy;
			containerPortal = 8698DE982A7D8B82000B499A /* Project object */;
			proxyType = 1;
			remoteGlobalIDString = 8698DE9F2A7D8B82000B499A;
			remoteInfo = SwissBudget;
		};
/* End PBXContainerItemProxy section */

/* Begin PBXFileReference section */
		860D03D22A8230EF002B0054 /* ContentView.swift */ = {isa = PBXFileReference; lastKnownFileType = sourcecode.swift; path = ContentView.swift; sourceTree = "<group>"; };
		867603DB2A84E8060084E6B2 /* WelcomeView.swift */ = {isa = PBXFileReference; lastKnownFileType = sourcecode.swift; path = WelcomeView.swift; sourceTree = "<group>"; };
		867603DD2A8621570084E6B2 /* HomeView.swift */ = {isa = PBXFileReference; lastKnownFileType = sourcecode.swift; path = HomeView.swift; sourceTree = "<group>"; };
		867603E52A86295C0084E6B2 /* Info.plist */ = {isa = PBXFileReference; lastKnownFileType = text.plist; path = Info.plist; sourceTree = "<group>"; };
		867603E62A862C670084E6B2 /* Oswald.ttf */ = {isa = PBXFileReference; lastKnownFileType = file; path = Oswald.ttf; sourceTree = "<group>"; };
		867603E82A87E6190084E6B2 /* TransactionsView.swift */ = {isa = PBXFileReference; lastKnownFileType = sourcecode.swift; path = TransactionsView.swift; sourceTree = "<group>"; };
		867603EA2A8A16F20084E6B2 /* DemoData.swift */ = {isa = PBXFileReference; lastKnownFileType = sourcecode.swift; path = DemoData.swift; sourceTree = "<group>"; };
		8698DEA02A7D8B82000B499A /* SwissBudget.app */ = {isa = PBXFileReference; explicitFileType = wrapper.application; includeInIndex = 0; path = SwissBudget.app; sourceTree = BUILT_PRODUCTS_DIR; };
		8698DEA32A7D8B82000B499A /* SwissBudgetApp.swift */ = {isa = PBXFileReference; lastKnownFileType = sourcecode.swift; path = SwissBudgetApp.swift; sourceTree = "<group>"; };
		8698DEA52A7D8B82000B499A /* Persistence.swift */ = {isa = PBXFileReference; lastKnownFileType = sourcecode.swift; path = Persistence.swift; sourceTree = "<group>"; };
		8698DEA82A7D8B82000B499A /* SwissBudget.xcdatamodel */ = {isa = PBXFileReference; lastKnownFileType = wrapper.xcdatamodel; path = SwissBudget.xcdatamodel; sourceTree = "<group>"; };
		8698DEAA2A7D8B82000B499A /* ContentViewOld.swift */ = {isa = PBXFileReference; lastKnownFileType = sourcecode.swift; path = ContentViewOld.swift; sourceTree = "<group>"; };
		8698DEAC2A7D8B83000B499A /* Assets.xcassets */ = {isa = PBXFileReference; lastKnownFileType = folder.assetcatalog; path = Assets.xcassets; sourceTree = "<group>"; };
		8698DEAE2A7D8B83000B499A /* SwissBudget.entitlements */ = {isa = PBXFileReference; lastKnownFileType = text.plist.entitlements; path = SwissBudget.entitlements; sourceTree = "<group>"; };
		8698DEB02A7D8B83000B499A /* Preview Assets.xcassets */ = {isa = PBXFileReference; lastKnownFileType = folder.assetcatalog; path = "Preview Assets.xcassets"; sourceTree = "<group>"; };
		8698DEB62A7D8B83000B499A /* SwissBudgetTests.xctest */ = {isa = PBXFileReference; explicitFileType = wrapper.cfbundle; includeInIndex = 0; path = SwissBudgetTests.xctest; sourceTree = BUILT_PRODUCTS_DIR; };
		8698DEBA2A7D8B83000B499A /* SwissBudgetTests.swift */ = {isa = PBXFileReference; lastKnownFileType = sourcecode.swift; path = SwissBudgetTests.swift; sourceTree = "<group>"; };
		8698DEC02A7D8B83000B499A /* SwissBudgetUITests.xctest */ = {isa = PBXFileReference; explicitFileType = wrapper.cfbundle; includeInIndex = 0; path = SwissBudgetUITests.xctest; sourceTree = BUILT_PRODUCTS_DIR; };
		8698DEC42A7D8B83000B499A /* SwissBudgetUITests.swift */ = {isa = PBXFileReference; lastKnownFileType = sourcecode.swift; path = SwissBudgetUITests.swift; sourceTree = "<group>"; };
		8698DEC62A7D8B83000B499A /* SwissBudgetUITestsLaunchTests.swift */ = {isa = PBXFileReference; lastKnownFileType = sourcecode.swift; path = SwissBudgetUITestsLaunchTests.swift; sourceTree = "<group>"; };
		869DFB4A2A8CCB0F0076F5DD /* TransactionView.swift */ = {isa = PBXFileReference; lastKnownFileType = sourcecode.swift; path = TransactionView.swift; sourceTree = "<group>"; };
		86A246662A80DD0E000E8700 /* MailTransactionImporter.swift */ = {isa = PBXFileReference; lastKnownFileType = sourcecode.swift; path = MailTransactionImporter.swift; sourceTree = "<group>"; };
		86B4AF582A8D0124000AB165 /* TransactionEditView.swift */ = {isa = PBXFileReference; lastKnownFileType = sourcecode.swift; path = TransactionEditView.swift; sourceTree = "<group>"; };
/* End PBXFileReference section */

/* Begin PBXFrameworksBuildPhase section */
		8698DE9D2A7D8B82000B499A /* Frameworks */ = {
			isa = PBXFrameworksBuildPhase;
			buildActionMask = 2147483647;
			files = (
				860D03D12A80FE22002B0054 /* MailCore2 in Frameworks */,
			);
			runOnlyForDeploymentPostprocessing = 0;
		};
		8698DEB32A7D8B83000B499A /* Frameworks */ = {
			isa = PBXFrameworksBuildPhase;
			buildActionMask = 2147483647;
			files = (
			);
			runOnlyForDeploymentPostprocessing = 0;
		};
		8698DEBD2A7D8B83000B499A /* Frameworks */ = {
			isa = PBXFrameworksBuildPhase;
			buildActionMask = 2147483647;
			files = (
			);
			runOnlyForDeploymentPostprocessing = 0;
		};
/* End PBXFrameworksBuildPhase section */

/* Begin PBXGroup section */
		860D03CE2A80EB97002B0054 /* Data */ = {
			isa = PBXGroup;
			children = (
				8698DEA52A7D8B82000B499A /* Persistence.swift */,
				86A246662A80DD0E000E8700 /* MailTransactionImporter.swift */,
				867603EA2A8A16F20084E6B2 /* DemoData.swift */,
			);
			path = Data;
			sourceTree = "<group>";
		};
		867603DF2A8627210084E6B2 /* View */ = {
			isa = PBXGroup;
			children = (
				860D03D22A8230EF002B0054 /* ContentView.swift */,
				8698DEAA2A7D8B82000B499A /* ContentViewOld.swift */,
				867603DB2A84E8060084E6B2 /* WelcomeView.swift */,
				867603DD2A8621570084E6B2 /* HomeView.swift */,
				867603E82A87E6190084E6B2 /* TransactionsView.swift */,
				869DFB4A2A8CCB0F0076F5DD /* TransactionView.swift */,
				86B4AF582A8D0124000AB165 /* TransactionEditView.swift */,
			);
			path = View;
			sourceTree = "<group>";
		};
		8698DE972A7D8B82000B499A = {
			isa = PBXGroup;
			children = (
				8698DEA22A7D8B82000B499A /* SwissBudget */,
				8698DEB92A7D8B83000B499A /* SwissBudgetTests */,
				8698DEC32A7D8B83000B499A /* SwissBudgetUITests */,
				8698DEA12A7D8B82000B499A /* Products */,
			);
			sourceTree = "<group>";
		};
		8698DEA12A7D8B82000B499A /* Products */ = {
			isa = PBXGroup;
			children = (
				8698DEA02A7D8B82000B499A /* SwissBudget.app */,
				8698DEB62A7D8B83000B499A /* SwissBudgetTests.xctest */,
				8698DEC02A7D8B83000B499A /* SwissBudgetUITests.xctest */,
			);
			name = Products;
			sourceTree = "<group>";
		};
		8698DEA22A7D8B82000B499A /* SwissBudget */ = {
			isa = PBXGroup;
			children = (
				867603E62A862C670084E6B2 /* Oswald.ttf */,
				867603E52A86295C0084E6B2 /* Info.plist */,
				867603DF2A8627210084E6B2 /* View */,
				860D03CE2A80EB97002B0054 /* Data */,
				8698DEA32A7D8B82000B499A /* SwissBudgetApp.swift */,
				8698DEAC2A7D8B83000B499A /* Assets.xcassets */,
				8698DEAE2A7D8B83000B499A /* SwissBudget.entitlements */,
				8698DEA72A7D8B82000B499A /* SwissBudget.xcdatamodeld */,
				8698DEAF2A7D8B83000B499A /* Preview Content */,
			);
			path = SwissBudget;
			sourceTree = "<group>";
		};
		8698DEAF2A7D8B83000B499A /* Preview Content */ = {
			isa = PBXGroup;
			children = (
				8698DEB02A7D8B83000B499A /* Preview Assets.xcassets */,
			);
			path = "Preview Content";
			sourceTree = "<group>";
		};
		8698DEB92A7D8B83000B499A /* SwissBudgetTests */ = {
			isa = PBXGroup;
			children = (
				8698DEBA2A7D8B83000B499A /* SwissBudgetTests.swift */,
			);
			path = SwissBudgetTests;
			sourceTree = "<group>";
		};
		8698DEC32A7D8B83000B499A /* SwissBudgetUITests */ = {
			isa = PBXGroup;
			children = (
				8698DEC42A7D8B83000B499A /* SwissBudgetUITests.swift */,
				8698DEC62A7D8B83000B499A /* SwissBudgetUITestsLaunchTests.swift */,
			);
			path = SwissBudgetUITests;
			sourceTree = "<group>";
		};
/* End PBXGroup section */

/* Begin PBXNativeTarget section */
		8698DE9F2A7D8B82000B499A /* SwissBudget */ = {
			isa = PBXNativeTarget;
			buildConfigurationList = 8698DECA2A7D8B83000B499A /* Build configuration list for PBXNativeTarget "SwissBudget" */;
			buildPhases = (
				8698DE9C2A7D8B82000B499A /* Sources */,
				8698DE9D2A7D8B82000B499A /* Frameworks */,
				8698DE9E2A7D8B82000B499A /* Resources */,
			);
			buildRules = (
			);
			dependencies = (
			);
			name = SwissBudget;
			packageProductDependencies = (
				860D03D02A80FE22002B0054 /* MailCore2 */,
			);
			productName = SwissBudget;
			productReference = 8698DEA02A7D8B82000B499A /* SwissBudget.app */;
			productType = "com.apple.product-type.application";
		};
		8698DEB52A7D8B83000B499A /* SwissBudgetTests */ = {
			isa = PBXNativeTarget;
			buildConfigurationList = 8698DECD2A7D8B83000B499A /* Build configuration list for PBXNativeTarget "SwissBudgetTests" */;
			buildPhases = (
				8698DEB22A7D8B83000B499A /* Sources */,
				8698DEB32A7D8B83000B499A /* Frameworks */,
				8698DEB42A7D8B83000B499A /* Resources */,
			);
			buildRules = (
			);
			dependencies = (
				8698DEB82A7D8B83000B499A /* PBXTargetDependency */,
			);
			name = SwissBudgetTests;
			productName = SwissBudgetTests;
			productReference = 8698DEB62A7D8B83000B499A /* SwissBudgetTests.xctest */;
			productType = "com.apple.product-type.bundle.unit-test";
		};
		8698DEBF2A7D8B83000B499A /* SwissBudgetUITests */ = {
			isa = PBXNativeTarget;
			buildConfigurationList = 8698DED02A7D8B83000B499A /* Build configuration list for PBXNativeTarget "SwissBudgetUITests" */;
			buildPhases = (
				8698DEBC2A7D8B83000B499A /* Sources */,
				8698DEBD2A7D8B83000B499A /* Frameworks */,
				8698DEBE2A7D8B83000B499A /* Resources */,
			);
			buildRules = (
			);
			dependencies = (
				8698DEC22A7D8B83000B499A /* PBXTargetDependency */,
			);
			name = SwissBudgetUITests;
			productName = SwissBudgetUITests;
			productReference = 8698DEC02A7D8B83000B499A /* SwissBudgetUITests.xctest */;
			productType = "com.apple.product-type.bundle.ui-testing";
		};
/* End PBXNativeTarget section */

/* Begin PBXProject section */
		8698DE982A7D8B82000B499A /* Project object */ = {
			isa = PBXProject;
			attributes = {
				BuildIndependentTargetsInParallel = 1;
				LastSwiftUpdateCheck = 1430;
				LastUpgradeCheck = 1430;
				TargetAttributes = {
					8698DE9F2A7D8B82000B499A = {
						CreatedOnToolsVersion = 14.3.1;
					};
					8698DEB52A7D8B83000B499A = {
						CreatedOnToolsVersion = 14.3.1;
						TestTargetID = 8698DE9F2A7D8B82000B499A;
					};
					8698DEBF2A7D8B83000B499A = {
						CreatedOnToolsVersion = 14.3.1;
						TestTargetID = 8698DE9F2A7D8B82000B499A;
					};
				};
			};
			buildConfigurationList = 8698DE9B2A7D8B82000B499A /* Build configuration list for PBXProject "SwissBudget" */;
			compatibilityVersion = "Xcode 14.0";
			developmentRegion = en;
			hasScannedForEncodings = 0;
			knownRegions = (
				en,
				Base,
			);
			mainGroup = 8698DE972A7D8B82000B499A;
			packageReferences = (
				860D03CF2A80FE22002B0054 /* XCRemoteSwiftPackageReference "mailcore2" */,
			);
			productRefGroup = 8698DEA12A7D8B82000B499A /* Products */;
			projectDirPath = "";
			projectRoot = "";
			targets = (
				8698DE9F2A7D8B82000B499A /* SwissBudget */,
				8698DEB52A7D8B83000B499A /* SwissBudgetTests */,
				8698DEBF2A7D8B83000B499A /* SwissBudgetUITests */,
			);
		};
/* End PBXProject section */

/* Begin PBXResourcesBuildPhase section */
		8698DE9E2A7D8B82000B499A /* Resources */ = {
			isa = PBXResourcesBuildPhase;
			buildActionMask = 2147483647;
			files = (
				8698DEB12A7D8B83000B499A /* Preview Assets.xcassets in Resources */,
				867603E72A862C680084E6B2 /* Oswald.ttf in Resources */,
				8698DEAD2A7D8B83000B499A /* Assets.xcassets in Resources */,
			);
			runOnlyForDeploymentPostprocessing = 0;
		};
		8698DEB42A7D8B83000B499A /* Resources */ = {
			isa = PBXResourcesBuildPhase;
			buildActionMask = 2147483647;
			files = (
			);
			runOnlyForDeploymentPostprocessing = 0;
		};
		8698DEBE2A7D8B83000B499A /* Resources */ = {
			isa = PBXResourcesBuildPhase;
			buildActionMask = 2147483647;
			files = (
			);
			runOnlyForDeploymentPostprocessing = 0;
		};
/* End PBXResourcesBuildPhase section */

/* Begin PBXSourcesBuildPhase section */
		8698DE9C2A7D8B82000B499A /* Sources */ = {
			isa = PBXSourcesBuildPhase;
			buildActionMask = 2147483647;
			files = (
				8698DEA42A7D8B82000B499A /* SwissBudgetApp.swift in Sources */,
				8698DEA62A7D8B82000B499A /* Persistence.swift in Sources */,
				860D03D32A8230EF002B0054 /* ContentView.swift in Sources */,
				8698DEAB2A7D8B82000B499A /* ContentViewOld.swift in Sources */,
				867603EB2A8A16F20084E6B2 /* DemoData.swift in Sources */,
				869DFB4B2A8CCB0F0076F5DD /* TransactionView.swift in Sources */,
				8698DEA92A7D8B82000B499A /* SwissBudget.xcdatamodeld in Sources */,
				867603E92A87E6190084E6B2 /* TransactionsView.swift in Sources */,
				867603DE2A8621570084E6B2 /* HomeView.swift in Sources */,
				86A246672A80DD0E000E8700 /* MailTransactionImporter.swift in Sources */,
				867603DC2A84E8060084E6B2 /* WelcomeView.swift in Sources */,
				86B4AF592A8D0124000AB165 /* TransactionEditView.swift in Sources */,
			);
			runOnlyForDeploymentPostprocessing = 0;
		};
		8698DEB22A7D8B83000B499A /* Sources */ = {
			isa = PBXSourcesBuildPhase;
			buildActionMask = 2147483647;
			files = (
				8698DEBB2A7D8B83000B499A /* SwissBudgetTests.swift in Sources */,
			);
			runOnlyForDeploymentPostprocessing = 0;
		};
		8698DEBC2A7D8B83000B499A /* Sources */ = {
			isa = PBXSourcesBuildPhase;
			buildActionMask = 2147483647;
			files = (
				8698DEC52A7D8B83000B499A /* SwissBudgetUITests.swift in Sources */,
				8698DEC72A7D8B83000B499A /* SwissBudgetUITestsLaunchTests.swift in Sources */,
			);
			runOnlyForDeploymentPostprocessing = 0;
		};
/* End PBXSourcesBuildPhase section */

/* Begin PBXTargetDependency section */
		8698DEB82A7D8B83000B499A /* PBXTargetDependency */ = {
			isa = PBXTargetDependency;
			target = 8698DE9F2A7D8B82000B499A /* SwissBudget */;
			targetProxy = 8698DEB72A7D8B83000B499A /* PBXContainerItemProxy */;
		};
		8698DEC22A7D8B83000B499A /* PBXTargetDependency */ = {
			isa = PBXTargetDependency;
			target = 8698DE9F2A7D8B82000B499A /* SwissBudget */;
			targetProxy = 8698DEC12A7D8B83000B499A /* PBXContainerItemProxy */;
		};
/* End PBXTargetDependency section */

/* Begin XCBuildConfiguration section */
		8698DEC82A7D8B83000B499A /* Debug */ = {
			isa = XCBuildConfiguration;
			buildSettings = {
				ALWAYS_SEARCH_USER_PATHS = NO;
				CLANG_ANALYZER_NONNULL = YES;
				CLANG_ANALYZER_NUMBER_OBJECT_CONVERSION = YES_AGGRESSIVE;
				CLANG_CXX_LANGUAGE_STANDARD = "gnu++20";
				CLANG_ENABLE_MODULES = YES;
				CLANG_ENABLE_OBJC_ARC = YES;
				CLANG_ENABLE_OBJC_WEAK = YES;
				CLANG_WARN_BLOCK_CAPTURE_AUTORELEASING = YES;
				CLANG_WARN_BOOL_CONVERSION = YES;
				CLANG_WARN_COMMA = YES;
				CLANG_WARN_CONSTANT_CONVERSION = YES;
				CLANG_WARN_DEPRECATED_OBJC_IMPLEMENTATIONS = YES;
				CLANG_WARN_DIRECT_OBJC_ISA_USAGE = YES_ERROR;
				CLANG_WARN_DOCUMENTATION_COMMENTS = YES;
				CLANG_WARN_EMPTY_BODY = YES;
				CLANG_WARN_ENUM_CONVERSION = YES;
				CLANG_WARN_INFINITE_RECURSION = YES;
				CLANG_WARN_INT_CONVERSION = YES;
				CLANG_WARN_NON_LITERAL_NULL_CONVERSION = YES;
				CLANG_WARN_OBJC_IMPLICIT_RETAIN_SELF = YES;
				CLANG_WARN_OBJC_LITERAL_CONVERSION = YES;
				CLANG_WARN_OBJC_ROOT_CLASS = YES_ERROR;
				CLANG_WARN_QUOTED_INCLUDE_IN_FRAMEWORK_HEADER = YES;
				CLANG_WARN_RANGE_LOOP_ANALYSIS = YES;
				CLANG_WARN_STRICT_PROTOTYPES = YES;
				CLANG_WARN_SUSPICIOUS_MOVE = YES;
				CLANG_WARN_UNGUARDED_AVAILABILITY = YES_AGGRESSIVE;
				CLANG_WARN_UNREACHABLE_CODE = YES;
				CLANG_WARN__DUPLICATE_METHOD_MATCH = YES;
				COPY_PHASE_STRIP = NO;
				DEAD_CODE_STRIPPING = YES;
				DEBUG_INFORMATION_FORMAT = dwarf;
				ENABLE_STRICT_OBJC_MSGSEND = YES;
				ENABLE_TESTABILITY = YES;
				GCC_C_LANGUAGE_STANDARD = gnu11;
				GCC_DYNAMIC_NO_PIC = NO;
				GCC_NO_COMMON_BLOCKS = YES;
				GCC_OPTIMIZATION_LEVEL = 0;
				GCC_PREPROCESSOR_DEFINITIONS = (
					"DEBUG=1",
					"$(inherited)",
				);
				GCC_WARN_64_TO_32_BIT_CONVERSION = YES;
				GCC_WARN_ABOUT_RETURN_TYPE = YES_ERROR;
				GCC_WARN_UNDECLARED_SELECTOR = YES;
				GCC_WARN_UNINITIALIZED_AUTOS = YES_AGGRESSIVE;
				GCC_WARN_UNUSED_FUNCTION = YES;
				GCC_WARN_UNUSED_VARIABLE = YES;
				MTL_ENABLE_DEBUG_INFO = INCLUDE_SOURCE;
				MTL_FAST_MATH = YES;
				ONLY_ACTIVE_ARCH = YES;
				SWIFT_ACTIVE_COMPILATION_CONDITIONS = DEBUG;
				SWIFT_OPTIMIZATION_LEVEL = "-Onone";
			};
			name = Debug;
		};
		8698DEC92A7D8B83000B499A /* Release */ = {
			isa = XCBuildConfiguration;
			buildSettings = {
				ALWAYS_SEARCH_USER_PATHS = NO;
				CLANG_ANALYZER_NONNULL = YES;
				CLANG_ANALYZER_NUMBER_OBJECT_CONVERSION = YES_AGGRESSIVE;
				CLANG_CXX_LANGUAGE_STANDARD = "gnu++20";
				CLANG_ENABLE_MODULES = YES;
				CLANG_ENABLE_OBJC_ARC = YES;
				CLANG_ENABLE_OBJC_WEAK = YES;
				CLANG_WARN_BLOCK_CAPTURE_AUTORELEASING = YES;
				CLANG_WARN_BOOL_CONVERSION = YES;
				CLANG_WARN_COMMA = YES;
				CLANG_WARN_CONSTANT_CONVERSION = YES;
				CLANG_WARN_DEPRECATED_OBJC_IMPLEMENTATIONS = YES;
				CLANG_WARN_DIRECT_OBJC_ISA_USAGE = YES_ERROR;
				CLANG_WARN_DOCUMENTATION_COMMENTS = YES;
				CLANG_WARN_EMPTY_BODY = YES;
				CLANG_WARN_ENUM_CONVERSION = YES;
				CLANG_WARN_INFINITE_RECURSION = YES;
				CLANG_WARN_INT_CONVERSION = YES;
				CLANG_WARN_NON_LITERAL_NULL_CONVERSION = YES;
				CLANG_WARN_OBJC_IMPLICIT_RETAIN_SELF = YES;
				CLANG_WARN_OBJC_LITERAL_CONVERSION = YES;
				CLANG_WARN_OBJC_ROOT_CLASS = YES_ERROR;
				CLANG_WARN_QUOTED_INCLUDE_IN_FRAMEWORK_HEADER = YES;
				CLANG_WARN_RANGE_LOOP_ANALYSIS = YES;
				CLANG_WARN_STRICT_PROTOTYPES = YES;
				CLANG_WARN_SUSPICIOUS_MOVE = YES;
				CLANG_WARN_UNGUARDED_AVAILABILITY = YES_AGGRESSIVE;
				CLANG_WARN_UNREACHABLE_CODE = YES;
				CLANG_WARN__DUPLICATE_METHOD_MATCH = YES;
				COPY_PHASE_STRIP = NO;
				DEAD_CODE_STRIPPING = YES;
				DEBUG_INFORMATION_FORMAT = "dwarf-with-dsym";
				ENABLE_NS_ASSERTIONS = NO;
				ENABLE_STRICT_OBJC_MSGSEND = YES;
				GCC_C_LANGUAGE_STANDARD = gnu11;
				GCC_NO_COMMON_BLOCKS = YES;
				GCC_WARN_64_TO_32_BIT_CONVERSION = YES;
				GCC_WARN_ABOUT_RETURN_TYPE = YES_ERROR;
				GCC_WARN_UNDECLARED_SELECTOR = YES;
				GCC_WARN_UNINITIALIZED_AUTOS = YES_AGGRESSIVE;
				GCC_WARN_UNUSED_FUNCTION = YES;
				GCC_WARN_UNUSED_VARIABLE = YES;
				MTL_ENABLE_DEBUG_INFO = NO;
				MTL_FAST_MATH = YES;
				SWIFT_COMPILATION_MODE = wholemodule;
				SWIFT_OPTIMIZATION_LEVEL = "-O";
			};
			name = Release;
		};
		8698DECB2A7D8B83000B499A /* Debug */ = {
			isa = XCBuildConfiguration;
			buildSettings = {
				ASSETCATALOG_COMPILER_APPICON_NAME = AppIcon;
				ASSETCATALOG_COMPILER_GLOBAL_ACCENT_COLOR_NAME = AccentColor;
				CODE_SIGN_ENTITLEMENTS = SwissBudget/SwissBudget.entitlements;
				CODE_SIGN_STYLE = Automatic;
				CURRENT_PROJECT_VERSION = 1;
				DEAD_CODE_STRIPPING = YES;
				DEVELOPMENT_ASSET_PATHS = "\"SwissBudget/Preview Content\"";
				DEVELOPMENT_TEAM = 48GK3A8YRG;
				ENABLE_HARDENED_RUNTIME = YES;
				ENABLE_PREVIEWS = YES;
				GENERATE_INFOPLIST_FILE = YES;
				INFOPLIST_FILE = SwissBudget/Info.plist;
				INFOPLIST_KEY_CFBundleDisplayName = "Swiss Budget";
				INFOPLIST_KEY_LSApplicationCategoryType = "public.app-category.finance";
				"INFOPLIST_KEY_UIApplicationSceneManifest_Generation[sdk=iphoneos*]" = YES;
				"INFOPLIST_KEY_UIApplicationSceneManifest_Generation[sdk=iphonesimulator*]" = YES;
				"INFOPLIST_KEY_UIApplicationSupportsIndirectInputEvents[sdk=iphoneos*]" = YES;
				"INFOPLIST_KEY_UIApplicationSupportsIndirectInputEvents[sdk=iphonesimulator*]" = YES;
				"INFOPLIST_KEY_UILaunchScreen_Generation[sdk=iphoneos*]" = YES;
				"INFOPLIST_KEY_UILaunchScreen_Generation[sdk=iphonesimulator*]" = YES;
				"INFOPLIST_KEY_UIStatusBarStyle[sdk=iphoneos*]" = UIStatusBarStyleDefault;
				"INFOPLIST_KEY_UIStatusBarStyle[sdk=iphonesimulator*]" = UIStatusBarStyleDefault;
				INFOPLIST_KEY_UISupportedInterfaceOrientations = UIInterfaceOrientationPortrait;
				INFOPLIST_KEY_UISupportedInterfaceOrientations_iPad = "UIInterfaceOrientationLandscapeLeft UIInterfaceOrientationLandscapeRight UIInterfaceOrientationPortrait UIInterfaceOrientationPortraitUpsideDown";
				IPHONEOS_DEPLOYMENT_TARGET = 16.4;
				LD_RUNPATH_SEARCH_PATHS = "@executable_path/Frameworks";
				"LD_RUNPATH_SEARCH_PATHS[sdk=macosx*]" = "@executable_path/../Frameworks";
				MACOSX_DEPLOYMENT_TARGET = 13.3;
				MARKETING_VERSION = 1.0;
				PRODUCT_BUNDLE_IDENTIFIER = "ch.michu-tech.SwissBudget";
				PRODUCT_NAME = "$(TARGET_NAME)";
				SDKROOT = auto;
				SUPPORTED_PLATFORMS = "iphoneos iphonesimulator";
				SUPPORTS_MACCATALYST = NO;
				SUPPORTS_MAC_DESIGNED_FOR_IPHONE_IPAD = NO;
				SWIFT_EMIT_LOC_STRINGS = YES;
				SWIFT_VERSION = 5.0;
				TARGETED_DEVICE_FAMILY = 1;
			};
			name = Debug;
		};
		8698DECC2A7D8B83000B499A /* Release */ = {
			isa = XCBuildConfiguration;
			buildSettings = {
				ASSETCATALOG_COMPILER_APPICON_NAME = AppIcon;
				ASSETCATALOG_COMPILER_GLOBAL_ACCENT_COLOR_NAME = AccentColor;
				CODE_SIGN_ENTITLEMENTS = SwissBudget/SwissBudget.entitlements;
				CODE_SIGN_STYLE = Automatic;
				CURRENT_PROJECT_VERSION = 1;
				DEAD_CODE_STRIPPING = YES;
				DEVELOPMENT_ASSET_PATHS = "\"SwissBudget/Preview Content\"";
				DEVELOPMENT_TEAM = 48GK3A8YRG;
				ENABLE_HARDENED_RUNTIME = YES;
				ENABLE_PREVIEWS = YES;
				GENERATE_INFOPLIST_FILE = YES;
				INFOPLIST_FILE = SwissBudget/Info.plist;
				INFOPLIST_KEY_CFBundleDisplayName = "Swiss Budget";
				INFOPLIST_KEY_LSApplicationCategoryType = "public.app-category.finance";
				"INFOPLIST_KEY_UIApplicationSceneManifest_Generation[sdk=iphoneos*]" = YES;
				"INFOPLIST_KEY_UIApplicationSceneManifest_Generation[sdk=iphonesimulator*]" = YES;
				"INFOPLIST_KEY_UIApplicationSupportsIndirectInputEvents[sdk=iphoneos*]" = YES;
				"INFOPLIST_KEY_UIApplicationSupportsIndirectInputEvents[sdk=iphonesimulator*]" = YES;
				"INFOPLIST_KEY_UILaunchScreen_Generation[sdk=iphoneos*]" = YES;
				"INFOPLIST_KEY_UILaunchScreen_Generation[sdk=iphonesimulator*]" = YES;
				"INFOPLIST_KEY_UIStatusBarStyle[sdk=iphoneos*]" = UIStatusBarStyleDefault;
				"INFOPLIST_KEY_UIStatusBarStyle[sdk=iphonesimulator*]" = UIStatusBarStyleDefault;
				INFOPLIST_KEY_UISupportedInterfaceOrientations = UIInterfaceOrientationPortrait;
				INFOPLIST_KEY_UISupportedInterfaceOrientations_iPad = "UIInterfaceOrientationLandscapeLeft UIInterfaceOrientationLandscapeRight UIInterfaceOrientationPortrait UIInterfaceOrientationPortraitUpsideDown";
				IPHONEOS_DEPLOYMENT_TARGET = 16.4;
				LD_RUNPATH_SEARCH_PATHS = "@executable_path/Frameworks";
				"LD_RUNPATH_SEARCH_PATHS[sdk=macosx*]" = "@executable_path/../Frameworks";
				MACOSX_DEPLOYMENT_TARGET = 13.3;
				MARKETING_VERSION = 1.0;
				PRODUCT_BUNDLE_IDENTIFIER = "ch.michu-tech.SwissBudget";
				PRODUCT_NAME = "$(TARGET_NAME)";
				SDKROOT = auto;
				SUPPORTED_PLATFORMS = "iphoneos iphonesimulator";
				SUPPORTS_MACCATALYST = NO;
				SUPPORTS_MAC_DESIGNED_FOR_IPHONE_IPAD = NO;
				SWIFT_EMIT_LOC_STRINGS = YES;
				SWIFT_VERSION = 5.0;
				TARGETED_DEVICE_FAMILY = 1;
			};
			name = Release;
		};
		8698DECE2A7D8B83000B499A /* Debug */ = {
			isa = XCBuildConfiguration;
			buildSettings = {
				ALWAYS_EMBED_SWIFT_STANDARD_LIBRARIES = YES;
				BUNDLE_LOADER = "$(TEST_HOST)";
				CODE_SIGN_STYLE = Automatic;
				CURRENT_PROJECT_VERSION = 1;
				DEAD_CODE_STRIPPING = YES;
				DEVELOPMENT_TEAM = 48GK3A8YRG;
				GENERATE_INFOPLIST_FILE = YES;
				IPHONEOS_DEPLOYMENT_TARGET = 16.4;
				MACOSX_DEPLOYMENT_TARGET = 13.3;
				MARKETING_VERSION = 1.0;
				PRODUCT_BUNDLE_IDENTIFIER = "ch.michu-tech.SwissBudgetTests";
				PRODUCT_NAME = "$(TARGET_NAME)";
				SDKROOT = auto;
				SUPPORTED_PLATFORMS = "iphoneos iphonesimulator macosx";
				SWIFT_EMIT_LOC_STRINGS = NO;
				SWIFT_VERSION = 5.0;
				TARGETED_DEVICE_FAMILY = "1,2";
				TEST_HOST = "$(BUILT_PRODUCTS_DIR)/SwissBudget.app/$(BUNDLE_EXECUTABLE_FOLDER_PATH)/SwissBudget";
			};
			name = Debug;
		};
		8698DECF2A7D8B83000B499A /* Release */ = {
			isa = XCBuildConfiguration;
			buildSettings = {
				ALWAYS_EMBED_SWIFT_STANDARD_LIBRARIES = YES;
				BUNDLE_LOADER = "$(TEST_HOST)";
				CODE_SIGN_STYLE = Automatic;
				CURRENT_PROJECT_VERSION = 1;
				DEAD_CODE_STRIPPING = YES;
				DEVELOPMENT_TEAM = 48GK3A8YRG;
				GENERATE_INFOPLIST_FILE = YES;
				IPHONEOS_DEPLOYMENT_TARGET = 16.4;
				MACOSX_DEPLOYMENT_TARGET = 13.3;
				MARKETING_VERSION = 1.0;
				PRODUCT_BUNDLE_IDENTIFIER = "ch.michu-tech.SwissBudgetTests";
				PRODUCT_NAME = "$(TARGET_NAME)";
				SDKROOT = auto;
				SUPPORTED_PLATFORMS = "iphoneos iphonesimulator macosx";
				SWIFT_EMIT_LOC_STRINGS = NO;
				SWIFT_VERSION = 5.0;
				TARGETED_DEVICE_FAMILY = "1,2";
				TEST_HOST = "$(BUILT_PRODUCTS_DIR)/SwissBudget.app/$(BUNDLE_EXECUTABLE_FOLDER_PATH)/SwissBudget";
			};
			name = Release;
		};
		8698DED12A7D8B83000B499A /* Debug */ = {
			isa = XCBuildConfiguration;
			buildSettings = {
				ALWAYS_EMBED_SWIFT_STANDARD_LIBRARIES = YES;
				CODE_SIGN_STYLE = Automatic;
				CURRENT_PROJECT_VERSION = 1;
				DEAD_CODE_STRIPPING = YES;
				DEVELOPMENT_TEAM = 48GK3A8YRG;
				GENERATE_INFOPLIST_FILE = YES;
				IPHONEOS_DEPLOYMENT_TARGET = 16.4;
				MACOSX_DEPLOYMENT_TARGET = 13.3;
				MARKETING_VERSION = 1.0;
				PRODUCT_BUNDLE_IDENTIFIER = "ch.michu-tech.SwissBudgetUITests";
				PRODUCT_NAME = "$(TARGET_NAME)";
				SDKROOT = auto;
				SUPPORTED_PLATFORMS = "iphoneos iphonesimulator macosx";
				SWIFT_EMIT_LOC_STRINGS = NO;
				SWIFT_VERSION = 5.0;
				TARGETED_DEVICE_FAMILY = "1,2";
				TEST_TARGET_NAME = SwissBudget;
			};
			name = Debug;
		};
		8698DED22A7D8B83000B499A /* Release */ = {
			isa = XCBuildConfiguration;
			buildSettings = {
				ALWAYS_EMBED_SWIFT_STANDARD_LIBRARIES = YES;
				CODE_SIGN_STYLE = Automatic;
				CURRENT_PROJECT_VERSION = 1;
				DEAD_CODE_STRIPPING = YES;
				DEVELOPMENT_TEAM = 48GK3A8YRG;
				GENERATE_INFOPLIST_FILE = YES;
				IPHONEOS_DEPLOYMENT_TARGET = 16.4;
				MACOSX_DEPLOYMENT_TARGET = 13.3;
				MARKETING_VERSION = 1.0;
				PRODUCT_BUNDLE_IDENTIFIER = "ch.michu-tech.SwissBudgetUITests";
				PRODUCT_NAME = "$(TARGET_NAME)";
				SDKROOT = auto;
				SUPPORTED_PLATFORMS = "iphoneos iphonesimulator macosx";
				SWIFT_EMIT_LOC_STRINGS = NO;
				SWIFT_VERSION = 5.0;
				TARGETED_DEVICE_FAMILY = "1,2";
				TEST_TARGET_NAME = SwissBudget;
			};
			name = Release;
		};
/* End XCBuildConfiguration section */

/* Begin XCConfigurationList section */
		8698DE9B2A7D8B82000B499A /* Build configuration list for PBXProject "SwissBudget" */ = {
			isa = XCConfigurationList;
			buildConfigurations = (
				8698DEC82A7D8B83000B499A /* Debug */,
				8698DEC92A7D8B83000B499A /* Release */,
			);
			defaultConfigurationIsVisible = 0;
			defaultConfigurationName = Release;
		};
		8698DECA2A7D8B83000B499A /* Build configuration list for PBXNativeTarget "SwissBudget" */ = {
			isa = XCConfigurationList;
			buildConfigurations = (
				8698DECB2A7D8B83000B499A /* Debug */,
				8698DECC2A7D8B83000B499A /* Release */,
			);
			defaultConfigurationIsVisible = 0;
			defaultConfigurationName = Release;
		};
		8698DECD2A7D8B83000B499A /* Build configuration list for PBXNativeTarget "SwissBudgetTests" */ = {
			isa = XCConfigurationList;
			buildConfigurations = (
				8698DECE2A7D8B83000B499A /* Debug */,
				8698DECF2A7D8B83000B499A /* Release */,
			);
			defaultConfigurationIsVisible = 0;
			defaultConfigurationName = Release;
		};
		8698DED02A7D8B83000B499A /* Build configuration list for PBXNativeTarget "SwissBudgetUITests" */ = {
			isa = XCConfigurationList;
			buildConfigurations = (
				8698DED12A7D8B83000B499A /* Debug */,
				8698DED22A7D8B83000B499A /* Release */,
			);
			defaultConfigurationIsVisible = 0;
			defaultConfigurationName = Release;
		};
/* End XCConfigurationList section */

/* Begin XCRemoteSwiftPackageReference section */
		860D03CF2A80FE22002B0054 /* XCRemoteSwiftPackageReference "mailcore2" */ = {
			isa = XCRemoteSwiftPackageReference;
			repositoryURL = "https://github.com/MailCore/mailcore2";
			requirement = {
				branch = master;
				kind = branch;
			};
		};
/* End XCRemoteSwiftPackageReference section */

/* Begin XCSwiftPackageProductDependency section */
		860D03D02A80FE22002B0054 /* MailCore2 */ = {
			isa = XCSwiftPackageProductDependency;
			package = 860D03CF2A80FE22002B0054 /* XCRemoteSwiftPackageReference "mailcore2" */;
			productName = MailCore2;
		};
/* End XCSwiftPackageProductDependency section */

/* Begin XCVersionGroup section */
		8698DEA72A7D8B82000B499A /* SwissBudget.xcdatamodeld */ = {
			isa = XCVersionGroup;
			children = (
				8698DEA82A7D8B82000B499A /* SwissBudget.xcdatamodel */,
			);
			currentVersion = 8698DEA82A7D8B82000B499A /* SwissBudget.xcdatamodel */;
			path = SwissBudget.xcdatamodeld;
			sourceTree = "<group>";
			versionGroupType = wrapper.xcdatamodel;
		};
/* End XCVersionGroup section */
	};
	rootObject = 8698DE982A7D8B82000B499A /* Project object */;
}
